// !$*UTF8*$!
{
	archiveVersion = 1;
	classes = {
	};
	objectVersion = 56;
	objects = {

/* Begin PBXBuildFile section */
		4C79BECE2A553F0D006A793C /* LangSwitchApp.swift in Sources */ = {isa = PBXBuildFile; fileRef = 4C79BECD2A553F0D006A793C /* LangSwitchApp.swift */; };
		4C79BED02A553F0D006A793C /* AppDelegate.swift in Sources */ = {isa = PBXBuildFile; fileRef = 4C79BECF2A553F0D006A793C /* AppDelegate.swift */; };
		4C79BED22A553F0E006A793C /* Assets.xcassets in Resources */ = {isa = PBXBuildFile; fileRef = 4C79BED12A553F0E006A793C /* Assets.xcassets */; };
		4C79BED52A553F0E006A793C /* Preview Assets.xcassets in Resources */ = {isa = PBXBuildFile; fileRef = 4C79BED42A553F0E006A793C /* Preview Assets.xcassets */; };
		A1B2C3D42D0AF00100000001 /* StandaloneModifierTapTracker.swift in Sources */ = {isa = PBXBuildFile; fileRef = A1B2C3D42D0AF00100000002 /* StandaloneModifierTapTracker.swift */; };
		A1B2C3D42D0AF00100000006 /* KeyboardShortcutMonitor.swift in Sources */ = {isa = PBXBuildFile; fileRef = A1B2C3D42D0AF00100000007 /* KeyboardShortcutMonitor.swift */; };
		A1B2C3D42D0AF00100000008 /* StatusBarMenuController.swift in Sources */ = {isa = PBXBuildFile; fileRef = A1B2C3D42D0AF00100000009 /* StatusBarMenuController.swift */; };
		A1B2C3D42D0AF0010000000C /* AboutWindowController.swift in Sources */ = {isa = PBXBuildFile; fileRef = A1B2C3D42D0AF0010000000A /* AboutWindowController.swift */; };
		A1B2C3D42D0AF0010000000D /* InputSourceSwitcher.swift in Sources */ = {isa = PBXBuildFile; fileRef = A1B2C3D42D0AF0010000000B /* InputSourceSwitcher.swift */; };
		A1B2C3D42D0AF0010000000E /* KeyboardSwitchTrigger.swift in Sources */ = {isa = PBXBuildFile; fileRef = A1B2C3D42D0AF0010000000F /* KeyboardSwitchTrigger.swift */; };
		A1B2C3D42D0AF00100000010 /* KeyboardShortcutPreferences.swift in Sources */ = {isa = PBXBuildFile; fileRef = A1B2C3D42D0AF00100000011 /* KeyboardShortcutPreferences.swift */; };
		A1B2C3D42D0AF00100000012 /* InputMonitoringPermissionController.swift in Sources */ = {isa = PBXBuildFile; fileRef = A1B2C3D42D0AF00100000013 /* InputMonitoringPermissionController.swift */; };
		A1B2C3D42D0AF00100000014 /* FunctionGlobeSystemBehaviorController.swift in Sources */ = {isa = PBXBuildFile; fileRef = A1B2C3D42D0AF00100000015 /* FunctionGlobeSystemBehaviorController.swift */; };
		A1B2C3D42D0AF00100000016 /* LICENSE in Resources */ = {isa = PBXBuildFile; fileRef = A1B2C3D42D0AF00100000017 /* LICENSE */; };
		A1B2C3D42D0AF00100000018 /* THIRD_PARTY_NOTICES.md in Resources */ = {isa = PBXBuildFile; fileRef = A1B2C3D42D0AF00100000019 /* THIRD_PARTY_NOTICES.md */; };
/* End PBXBuildFile section */

/* Begin PBXFileReference section */
		4C79BECA2A553F0D006A793C /* LangSwitch.app */ = {isa = PBXFileReference; explicitFileType = wrapper.application; includeInIndex = 0; path = LangSwitch.app; sourceTree = BUILT_PRODUCTS_DIR; };
		4C79BECD2A553F0D006A793C /* LangSwitchApp.swift */ = {isa = PBXFileReference; lastKnownFileType = sourcecode.swift; path = LangSwitchApp.swift; sourceTree = "<group>"; };
		4C79BECF2A553F0D006A793C /* AppDelegate.swift */ = {isa = PBXFileReference; lastKnownFileType = sourcecode.swift; path = AppDelegate.swift; sourceTree = "<group>"; };
		4C79BED12A553F0E006A793C /* Assets.xcassets */ = {isa = PBXFileReference; lastKnownFileType = folder.assetcatalog; path = Assets.xcassets; sourceTree = "<group>"; };
		4C79BED42A553F0E006A793C /* Preview Assets.xcassets */ = {isa = PBXFileReference; lastKnownFileType = folder.assetcatalog; path = "Preview Assets.xcassets"; sourceTree = "<group>"; };
		4C79BED62A553F0E006A793C /* LangSwitch.entitlements */ = {isa = PBXFileReference; lastKnownFileType = text.plist.entitlements; path = LangSwitch.entitlements; sourceTree = "<group>"; };
		A1B2C3D42D0AF00100000002 /* StandaloneModifierTapTracker.swift */ = {isa = PBXFileReference; lastKnownFileType = sourcecode.swift; path = StandaloneModifierTapTracker.swift; sourceTree = "<group>"; };
		A1B2C3D42D0AF00100000007 /* KeyboardShortcutMonitor.swift */ = {isa = PBXFileReference; lastKnownFileType = sourcecode.swift; path = KeyboardShortcutMonitor.swift; sourceTree = "<group>"; };
		A1B2C3D42D0AF00100000009 /* StatusBarMenuController.swift */ = {isa = PBXFileReference; lastKnownFileType = sourcecode.swift; path = StatusBarMenuController.swift; sourceTree = "<group>"; };
		A1B2C3D42D0AF0010000000A /* AboutWindowController.swift */ = {isa = PBXFileReference; lastKnownFileType = sourcecode.swift; path = AboutWindowController.swift; sourceTree = "<group>"; };
		A1B2C3D42D0AF0010000000B /* InputSourceSwitcher.swift */ = {isa = PBXFileReference; lastKnownFileType = sourcecode.swift; path = InputSourceSwitcher.swift; sourceTree = "<group>"; };
		A1B2C3D42D0AF0010000000F /* KeyboardSwitchTrigger.swift */ = {isa = PBXFileReference; lastKnownFileType = sourcecode.swift; path = KeyboardSwitchTrigger.swift; sourceTree = "<group>"; };
		A1B2C3D42D0AF00100000011 /* KeyboardShortcutPreferences.swift */ = {isa = PBXFileReference; lastKnownFileType = sourcecode.swift; path = KeyboardShortcutPreferences.swift; sourceTree = "<group>"; };
		A1B2C3D42D0AF00100000013 /* InputMonitoringPermissionController.swift */ = {isa = PBXFileReference; lastKnownFileType = sourcecode.swift; path = InputMonitoringPermissionController.swift; sourceTree = "<group>"; };
		A1B2C3D42D0AF00100000015 /* FunctionGlobeSystemBehaviorController.swift */ = {isa = PBXFileReference; lastKnownFileType = sourcecode.swift; path = FunctionGlobeSystemBehaviorController.swift; sourceTree = "<group>"; };
		A1B2C3D42D0AF00100000017 /* LICENSE */ = {isa = PBXFileReference; lastKnownFileType = text; path = LICENSE; sourceTree = "<group>"; };
		A1B2C3D42D0AF00100000019 /* THIRD_PARTY_NOTICES.md */ = {isa = PBXFileReference; lastKnownFileType = net.daringfireball.markdown; path = THIRD_PARTY_NOTICES.md; sourceTree = "<group>"; };
/* End PBXFileReference section */

/* Begin PBXFrameworksBuildPhase section */
		4C79BEC72A553F0D006A793C /* Frameworks */ = {
			isa = PBXFrameworksBuildPhase;
			buildActionMask = 2147483647;
			files = (
			);
			runOnlyForDeploymentPostprocessing = 0;
		};
/* End PBXFrameworksBuildPhase section */

/* Begin PBXGroup section */
		4C79BEC12A553F0D006A793C = {
			isa = PBXGroup;
			children = (
				A1B2C3D42D0AF00100000017 /* LICENSE */,
				A1B2C3D42D0AF00100000019 /* THIRD_PARTY_NOTICES.md */,
				4C79BECC2A553F0D006A793C /* LangSwitch */,
				4C79BECB2A553F0D006A793C /* Products */,
			);
			sourceTree = "<group>";
		};
		4C79BECB2A553F0D006A793C /* Products */ = {
			isa = PBXGroup;
			children = (
				4C79BECA2A553F0D006A793C /* LangSwitch.app */,
			);
			name = Products;
			sourceTree = "<group>";
		};
		4C79BECC2A553F0D006A793C /* LangSwitch */ = {
			isa = PBXGroup;
			children = (
				4C79BECD2A553F0D006A793C /* LangSwitchApp.swift */,
				4C79BECF2A553F0D006A793C /* AppDelegate.swift */,
				A1B2C3D42D0AF0010000000A /* AboutWindowController.swift */,
				A1B2C3D42D0AF00100000013 /* InputMonitoringPermissionController.swift */,
				A1B2C3D42D0AF00100000015 /* FunctionGlobeSystemBehaviorController.swift */,
				A1B2C3D42D0AF0010000000B /* InputSourceSwitcher.swift */,
				A1B2C3D42D0AF00100000007 /* KeyboardShortcutMonitor.swift */,
				A1B2C3D42D0AF00100000011 /* KeyboardShortcutPreferences.swift */,
				A1B2C3D42D0AF0010000000F /* KeyboardSwitchTrigger.swift */,
				A1B2C3D42D0AF00100000009 /* StatusBarMenuController.swift */,
				A1B2C3D42D0AF00100000002 /* StandaloneModifierTapTracker.swift */,
				4C79BED12A553F0E006A793C /* Assets.xcassets */,
				4C79BED62A553F0E006A793C /* LangSwitch.entitlements */,
				4C79BED32A553F0E006A793C /* Preview Content */,
			);
			path = LangSwitch;
			sourceTree = "<group>";
		};
		4C79BED32A553F0E006A793C /* Preview Content */ = {
			isa = PBXGroup;
			children = (
				4C79BED42A553F0E006A793C /* Preview Assets.xcassets */,
			);
			path = "Preview Content";
			sourceTree = "<group>";
		};
/* End PBXGroup section */

/* Begin PBXNativeTarget section */
		4C79BEC92A553F0D006A793C /* LangSwitch */ = {
			isa = PBXNativeTarget;
			buildConfigurationList = 4C79BEEF2A553F0E006A793C /* Build configuration list for PBXNativeTarget "LangSwitch" */;
			buildPhases = (
				4C79BEC62A553F0D006A793C /* Sources */,
				4C79BEC72A553F0D006A793C /* Frameworks */,
				4C79BEC82A553F0D006A793C /* Resources */,
			);
			buildRules = (
			);
			dependencies = (
			);
			name = LangSwitch;
			productName = LangSwitch;
			productReference = 4C79BECA2A553F0D006A793C /* LangSwitch.app */;
			productType = "com.apple.product-type.application";
		};
/* End PBXNativeTarget section */

/* Begin PBXProject section */
		4C79BEC22A553F0D006A793C /* Project object */ = {
			isa = PBXProject;
			attributes = {
				BuildIndependentTargetsInParallel = 1;
				LastSwiftUpdateCheck = 1430;
				LastUpgradeCheck = 1430;
				TargetAttributes = {
					4C79BEC92A553F0D006A793C = {
						CreatedOnToolsVersion = 14.3.1;
					};
				};
			};
			buildConfigurationList = 4C79BEC52A553F0D006A793C /* Build configuration list for PBXProject "LangSwitch" */;
			compatibilityVersion = "Xcode 14.0";
			developmentRegion = en;
			hasScannedForEncodings = 0;
			knownRegions = (
				en,
				Base,
			);
			mainGroup = 4C79BEC12A553F0D006A793C;
			productRefGroup = 4C79BECB2A553F0D006A793C /* Products */;
			projectDirPath = "";
			projectRoot = "";
			targets = (
				4C79BEC92A553F0D006A793C /* LangSwitch */,
			);
		};
/* End PBXProject section */

/* Begin PBXResourcesBuildPhase section */
		4C79BEC82A553F0D006A793C /* Resources */ = {
			isa = PBXResourcesBuildPhase;
			buildActionMask = 2147483647;
			files = (
				A1B2C3D42D0AF00100000016 /* LICENSE in Resources */,
				A1B2C3D42D0AF00100000018 /* THIRD_PARTY_NOTICES.md in Resources */,
				4C79BED52A553F0E006A793C /* Preview Assets.xcassets in Resources */,
				4C79BED22A553F0E006A793C /* Assets.xcassets in Resources */,
			);
			runOnlyForDeploymentPostprocessing = 0;
		};
/* End PBXResourcesBuildPhase section */

/* Begin PBXSourcesBuildPhase section */
		4C79BEC62A553F0D006A793C /* Sources */ = {
			isa = PBXSourcesBuildPhase;
			buildActionMask = 2147483647;
			files = (
				4C79BED02A553F0D006A793C /* AppDelegate.swift in Sources */,
				A1B2C3D42D0AF00100000006 /* KeyboardShortcutMonitor.swift in Sources */,
				A1B2C3D42D0AF0010000000E /* KeyboardSwitchTrigger.swift in Sources */,
				A1B2C3D42D0AF00100000001 /* StandaloneModifierTapTracker.swift in Sources */,
				A1B2C3D42D0AF00100000008 /* StatusBarMenuController.swift in Sources */,
				A1B2C3D42D0AF0010000000C /* AboutWindowController.swift in Sources */,
				A1B2C3D42D0AF0010000000D /* InputSourceSwitcher.swift in Sources */,
				A1B2C3D42D0AF00100000010 /* KeyboardShortcutPreferences.swift in Sources */,
				A1B2C3D42D0AF00100000012 /* InputMonitoringPermissionController.swift in Sources */,
				A1B2C3D42D0AF00100000014 /* FunctionGlobeSystemBehaviorController.swift in Sources */,
				4C79BECE2A553F0D006A793C /* LangSwitchApp.swift in Sources */,
			);
			runOnlyForDeploymentPostprocessing = 0;
		};
/* End PBXSourcesBuildPhase section */

/* Begin XCBuildConfiguration section */
		4C79BEED2A553F0E006A793C /* Debug */ = {
			isa = XCBuildConfiguration;
			buildSettings = {
				ALWAYS_SEARCH_USER_PATHS = NO;
				CLANG_ANALYZER_NONNULL = YES;
				CLANG_ANALYZER_NUMBER_OBJECT_CONVERSION = YES_AGGRESSIVE;
				CLANG_CXX_LANGUAGE_STANDARD = "gnu++20";
				CLANG_ENABLE_MODULES = YES;
				CLANG_ENABLE_OBJC_ARC = YES;
				CLANG_ENABLE_OBJC_WEAK = YES;
				CLANG_WARN_BLOCK_CAPTURE_AUTORELEASING = YES;
				CLANG_WARN_BOOL_CONVERSION = YES;
				CLANG_WARN_COMMA = YES;
				CLANG_WARN_CONSTANT_CONVERSION = YES;
				CLANG_WARN_DEPRECATED_OBJC_IMPLEMENTATIONS = YES;
				CLANG_WARN_DIRECT_OBJC_ISA_USAGE = YES_ERROR;
				CLANG_WARN_DOCUMENTATION_COMMENTS = YES;
				CLANG_WARN_EMPTY_BODY = YES;
				CLANG_WARN_ENUM_CONVERSION = YES;
				CLANG_WARN_INFINITE_RECURSION = YES;
				CLANG_WARN_INT_CONVERSION = YES;
				CLANG_WARN_NON_LITERAL_NULL_CONVERSION = YES;
				CLANG_WARN_OBJC_IMPLICIT_RETAIN_SELF = YES;
				CLANG_WARN_OBJC_LITERAL_CONVERSION = YES;
				CLANG_WARN_OBJC_ROOT_CLASS = YES_ERROR;
				CLANG_WARN_QUOTED_INCLUDE_IN_FRAMEWORK_HEADER = YES;
				CLANG_WARN_RANGE_LOOP_ANALYSIS = YES;
				CLANG_WARN_STRICT_PROTOTYPES = YES;
				CLANG_WARN_SUSPICIOUS_MOVE = YES;
				CLANG_WARN_UNGUARDED_AVAILABILITY = YES_AGGRESSIVE;
				CLANG_WARN_UNREACHABLE_CODE = YES;
				CLANG_WARN__DUPLICATE_METHOD_MATCH = YES;
				COPY_PHASE_STRIP = NO;
				DEBUG_INFORMATION_FORMAT = dwarf;
				ENABLE_STRICT_OBJC_MSGSEND = YES;
				ENABLE_TESTABILITY = YES;
				GCC_C_LANGUAGE_STANDARD = gnu11;
				GCC_DYNAMIC_NO_PIC = NO;
				GCC_NO_COMMON_BLOCKS = YES;
				GCC_OPTIMIZATION_LEVEL = 0;
				GCC_PREPROCESSOR_DEFINITIONS = (
					"DEBUG=1",
					"$(inherited)",
				);
				GCC_WARN_64_TO_32_BIT_CONVERSION = YES;
				GCC_WARN_ABOUT_RETURN_TYPE = YES_ERROR;
				GCC_WARN_UNDECLARED_SELECTOR = YES;
				GCC_WARN_UNINITIALIZED_AUTOS = YES_AGGRESSIVE;
				GCC_WARN_UNUSED_FUNCTION = YES;
				GCC_WARN_UNUSED_VARIABLE = YES;
				MACOSX_DEPLOYMENT_TARGET = 13.3;
				MTL_ENABLE_DEBUG_INFO = INCLUDE_SOURCE;
				MTL_FAST_MATH = YES;
				ONLY_ACTIVE_ARCH = YES;
				SDKROOT = macosx;
				SWIFT_ACTIVE_COMPILATION_CONDITIONS = DEBUG;
				SWIFT_OPTIMIZATION_LEVEL = "-Onone";
			};
			name = Debug;
		};
		4C79BEEE2A553F0E006A793C /* Release */ = {
			isa = XCBuildConfiguration;
			buildSettings = {
				ALWAYS_SEARCH_USER_PATHS = NO;
				CLANG_ANALYZER_NONNULL = YES;
				CLANG_ANALYZER_NUMBER_OBJECT_CONVERSION = YES_AGGRESSIVE;
				CLANG_CXX_LANGUAGE_STANDARD = "gnu++20";
				CLANG_ENABLE_MODULES = YES;
				CLANG_ENABLE_OBJC_ARC = YES;
				CLANG_ENABLE_OBJC_WEAK = YES;
				CLANG_WARN_BLOCK_CAPTURE_AUTORELEASING = YES;
				CLANG_WARN_BOOL_CONVERSION = YES;
				CLANG_WARN_COMMA = YES;
				CLANG_WARN_CONSTANT_CONVERSION = YES;
				CLANG_WARN_DEPRECATED_OBJC_IMPLEMENTATIONS = YES;
				CLANG_WARN_DIRECT_OBJC_ISA_USAGE = YES_ERROR;
				CLANG_WARN_DOCUMENTATION_COMMENTS = YES;
				CLANG_WARN_EMPTY_BODY = YES;
				CLANG_WARN_ENUM_CONVERSION = YES;
				CLANG_WARN_INFINITE_RECURSION = YES;
				CLANG_WARN_INT_CONVERSION = YES;
				CLANG_WARN_NON_LITERAL_NULL_CONVERSION = YES;
				CLANG_WARN_OBJC_IMPLICIT_RETAIN_SELF = YES;
				CLANG_WARN_OBJC_LITERAL_CONVERSION = YES;
				CLANG_WARN_OBJC_ROOT_CLASS = YES_ERROR;
				CLANG_WARN_QUOTED_INCLUDE_IN_FRAMEWORK_HEADER = YES;
				CLANG_WARN_RANGE_LOOP_ANALYSIS = YES;
				CLANG_WARN_STRICT_PROTOTYPES = YES;
				CLANG_WARN_SUSPICIOUS_MOVE = YES;
				CLANG_WARN_UNGUARDED_AVAILABILITY = YES_AGGRESSIVE;
				CLANG_WARN_UNREACHABLE_CODE = YES;
				CLANG_WARN__DUPLICATE_METHOD_MATCH = YES;
				COPY_PHASE_STRIP = NO;
				DEBUG_INFORMATION_FORMAT = "dwarf-with-dsym";
				ENABLE_NS_ASSERTIONS = NO;
				ENABLE_STRICT_OBJC_MSGSEND = YES;
				GCC_C_LANGUAGE_STANDARD = gnu11;
				GCC_NO_COMMON_BLOCKS = YES;
				GCC_WARN_64_TO_32_BIT_CONVERSION = YES;
				GCC_WARN_ABOUT_RETURN_TYPE = YES_ERROR;
				GCC_WARN_UNDECLARED_SELECTOR = YES;
				GCC_WARN_UNINITIALIZED_AUTOS = YES_AGGRESSIVE;
				GCC_WARN_UNUSED_FUNCTION = YES;
				GCC_WARN_UNUSED_VARIABLE = YES;
				MACOSX_DEPLOYMENT_TARGET = 13.3;
				MTL_ENABLE_DEBUG_INFO = NO;
				MTL_FAST_MATH = YES;
				SDKROOT = macosx;
				SWIFT_COMPILATION_MODE = wholemodule;
				SWIFT_OPTIMIZATION_LEVEL = "-O";
			};
			name = Release;
		};
		4C79BEF02A553F0E006A793C /* Debug */ = {
			isa = XCBuildConfiguration;
			buildSettings = {
				ASSETCATALOG_COMPILER_APPICON_NAME = AppIcon;
				ASSETCATALOG_COMPILER_GLOBAL_ACCENT_COLOR_NAME = AccentColor;
				CODE_SIGN_ENTITLEMENTS = LangSwitch/LangSwitch.entitlements;
				"CODE_SIGN_IDENTITY[sdk=macosx*]" = "Apple Development";
				CODE_SIGN_STYLE = Automatic;
				COMBINE_HIDPI_IMAGES = YES;
				CURRENT_PROJECT_VERSION = 10;
				DEVELOPMENT_ASSET_PATHS = "\"LangSwitch/Preview Content\"";
				DEVELOPMENT_TEAM = P66575H26Z;
				ENABLE_APP_SANDBOX = YES;
				ENABLE_HARDENED_RUNTIME = YES;
				ENABLE_INCOMING_NETWORK_CONNECTIONS = NO;
				ENABLE_OUTGOING_NETWORK_CONNECTIONS = YES;
				ENABLE_PREVIEWS = YES;
				ENABLE_RESOURCE_ACCESS_AUDIO_INPUT = NO;
				ENABLE_RESOURCE_ACCESS_BLUETOOTH = NO;
				ENABLE_RESOURCE_ACCESS_CALENDARS = NO;
				ENABLE_RESOURCE_ACCESS_CAMERA = NO;
				ENABLE_RESOURCE_ACCESS_CONTACTS = NO;
				ENABLE_RESOURCE_ACCESS_LOCATION = NO;
				ENABLE_RESOURCE_ACCESS_PRINTING = NO;
				ENABLE_RESOURCE_ACCESS_USB = NO;
				GENERATE_INFOPLIST_FILE = YES;
				INFOPLIST_KEY_CFBundleDisplayName = LangSwitch;
				INFOPLIST_KEY_LSApplicationCategoryType = "public.app-category.utilities";
				INFOPLIST_KEY_NSHumanReadableCopyright = "";
				LD_RUNPATH_SEARCH_PATHS = (
					"$(inherited)",
					"@executable_path/../Frameworks",
				);
				MACOSX_DEPLOYMENT_TARGET = 11;
				MARKETING_VERSION = 1.5.2;
				PRODUCT_BUNDLE_IDENTIFIER = com.makhnevvitalik.LangSwitch;
				PRODUCT_NAME = "$(TARGET_NAME)";
				SWIFT_EMIT_LOC_STRINGS = YES;
				SWIFT_VERSION = 5.0;
			};
			name = Debug;
		};
		4C79BEF12A553F0E006A793C /* Release */ = {
			isa = XCBuildConfiguration;
			buildSettings = {
				ASSETCATALOG_COMPILER_APPICON_NAME = AppIcon;
				ASSETCATALOG_COMPILER_GLOBAL_ACCENT_COLOR_NAME = AccentColor;
				CODE_SIGN_ENTITLEMENTS = LangSwitch/LangSwitch.entitlements;
				"CODE_SIGN_IDENTITY[sdk=macosx*]" = "Apple Development";
				CODE_SIGN_STYLE = Automatic;
				COMBINE_HIDPI_IMAGES = YES;
				CURRENT_PROJECT_VERSION = 10;
				DEVELOPMENT_ASSET_PATHS = "\"LangSwitch/Preview Content\"";
				DEVELOPMENT_TEAM = P66575H26Z;
				ENABLE_APP_SANDBOX = YES;
				ENABLE_HARDENED_RUNTIME = YES;
				ENABLE_INCOMING_NETWORK_CONNECTIONS = NO;
				ENABLE_OUTGOING_NETWORK_CONNECTIONS = YES;
				ENABLE_PREVIEWS = YES;
				ENABLE_RESOURCE_ACCESS_AUDIO_INPUT = NO;
				ENABLE_RESOURCE_ACCESS_BLUETOOTH = NO;
				ENABLE_RESOURCE_ACCESS_CALENDARS = NO;
				ENABLE_RESOURCE_ACCESS_CAMERA = NO;
				ENABLE_RESOURCE_ACCESS_CONTACTS = NO;
				ENABLE_RESOURCE_ACCESS_LOCATION = NO;
				ENABLE_RESOURCE_ACCESS_PRINTING = NO;
				ENABLE_RESOURCE_ACCESS_USB = NO;
				GENERATE_INFOPLIST_FILE = YES;
				INFOPLIST_KEY_CFBundleDisplayName = LangSwitch;
				INFOPLIST_KEY_LSApplicationCategoryType = "public.app-category.utilities";
				INFOPLIST_KEY_NSHumanReadableCopyright = "";
				LD_RUNPATH_SEARCH_PATHS = (
					"$(inherited)",
					"@executable_path/../Frameworks",
				);
				MACOSX_DEPLOYMENT_TARGET = 11;
				MARKETING_VERSION = 1.5.2;
				PRODUCT_BUNDLE_IDENTIFIER = com.makhnevvitalik.LangSwitch;
				PRODUCT_NAME = "$(TARGET_NAME)";
				SWIFT_EMIT_LOC_STRINGS = YES;
				SWIFT_VERSION = 5.0;
			};
			name = Release;
		};
/* End XCBuildConfiguration section */

/* Begin XCConfigurationList section */
		4C79BEC52A553F0D006A793C /* Build configuration list for PBXProject "LangSwitch" */ = {
			isa = XCConfigurationList;
			buildConfigurations = (
				4C79BEED2A553F0E006A793C /* Debug */,
				4C79BEEE2A553F0E006A793C /* Release */,
			);
			defaultConfigurationIsVisible = 0;
			defaultConfigurationName = Release;
		};
		4C79BEEF2A553F0E006A793C /* Build configuration list for PBXNativeTarget "LangSwitch" */ = {
			isa = XCConfigurationList;
			buildConfigurations = (
				4C79BEF02A553F0E006A793C /* Debug */,
				4C79BEF12A553F0E006A793C /* Release */,
			);
			defaultConfigurationIsVisible = 0;
			defaultConfigurationName = Release;
		};
/* End XCConfigurationList section */
	};
	rootObject = 4C79BEC22A553F0D006A793C /* Project object */;
}
